// !$*UTF8*$!
{
	archiveVersion = 1;
	classes = {
	};
	objectVersion = 56;
	objects = {

/* Begin PBXBuildFile section */
		651EBF242B236E6C003A7C59 /* ReminderViewController+Section.swift in Sources */ = {isa = PBXBuildFile; fileRef = 651EBF232B236E6C003A7C59 /* ReminderViewController+Section.swift */; };
		651EBF262B241ED4003A7C59 /* ReminderViewController+CellConfiguration.swift in Sources */ = {isa = PBXBuildFile; fileRef = 651EBF252B241ED4003A7C59 /* ReminderViewController+CellConfiguration.swift */; };
		651EBF292B24207F003A7C59 /* UIView+PinnedSubview.swift in Sources */ = {isa = PBXBuildFile; fileRef = 651EBF282B24207F003A7C59 /* UIView+PinnedSubview.swift */; };
		651EBF2B2B242254003A7C59 /* TextFieldContentView.swift in Sources */ = {isa = PBXBuildFile; fileRef = 651EBF2A2B242254003A7C59 /* TextFieldContentView.swift */; };
		651EBF2D2B2423A3003A7C59 /* UIContentConfiguration+Stateless.swift in Sources */ = {isa = PBXBuildFile; fileRef = 651EBF2C2B2423A3003A7C59 /* UIContentConfiguration+Stateless.swift */; };
		651EBF2F2B242C92003A7C59 /* TextViewContentView.swift in Sources */ = {isa = PBXBuildFile; fileRef = 651EBF2E2B242C92003A7C59 /* TextViewContentView.swift */; };
		651EBF312B2431B6003A7C59 /* DatePickerContentView.swift in Sources */ = {isa = PBXBuildFile; fileRef = 651EBF302B2431B6003A7C59 /* DatePickerContentView.swift */; };
		65526C8C2B25A0660039E415 /* ReminderListStyle.swift in Sources */ = {isa = PBXBuildFile; fileRef = 65526C8B2B25A0660039E415 /* ReminderListStyle.swift */; };
		65526C8E2B25E1E40039E415 /* ProgressHeaderView.swift in Sources */ = {isa = PBXBuildFile; fileRef = 65526C8D2B25E1E40039E415 /* ProgressHeaderView.swift */; };
		65526C902B25FAC80039E415 /* CAGradientLayer+ListStyle.swift in Sources */ = {isa = PBXBuildFile; fileRef = 65526C8F2B25FAC80039E415 /* CAGradientLayer+ListStyle.swift */; };
		658673632B20743F009B2853 /* AppDelegate.swift in Sources */ = {isa = PBXBuildFile; fileRef = 658673622B20743F009B2853 /* AppDelegate.swift */; };
		658673652B20743F009B2853 /* SceneDelegate.swift in Sources */ = {isa = PBXBuildFile; fileRef = 658673642B20743F009B2853 /* SceneDelegate.swift */; };
		658673672B20743F009B2853 /* ReminderListViewController.swift in Sources */ = {isa = PBXBuildFile; fileRef = 658673662B20743F009B2853 /* ReminderListViewController.swift */; };
		6586736A2B20743F009B2853 /* Main.storyboard in Resources */ = {isa = PBXBuildFile; fileRef = 658673682B20743F009B2853 /* Main.storyboard */; };
		6586736C2B207440009B2853 /* Assets.xcassets in Resources */ = {isa = PBXBuildFile; fileRef = 6586736B2B207440009B2853 /* Assets.xcassets */; };
		6586736F2B207440009B2853 /* LaunchScreen.storyboard in Resources */ = {isa = PBXBuildFile; fileRef = 6586736D2B207440009B2853 /* LaunchScreen.storyboard */; };
		658673782B2074C1009B2853 /* Reminder.swift in Sources */ = {isa = PBXBuildFile; fileRef = 658673772B2074C1009B2853 /* Reminder.swift */; };
		6586737A2B20A5D1009B2853 /* Date+Today.swift in Sources */ = {isa = PBXBuildFile; fileRef = 658673792B20A5D1009B2853 /* Date+Today.swift */; };
		6586737D2B20AA62009B2853 /* ReminderListViewController+DataSource.swift in Sources */ = {isa = PBXBuildFile; fileRef = 6586737C2B20AA62009B2853 /* ReminderListViewController+DataSource.swift */; };
		659771CA2B2894B900D25E00 /* TodayError.swift in Sources */ = {isa = PBXBuildFile; fileRef = 659771C92B2894B900D25E00 /* TodayError.swift */; };
		659771CC2B28954C00D25E00 /* EKEventStore+AsyncFetch.swift in Sources */ = {isa = PBXBuildFile; fileRef = 659771CB2B28954C00D25E00 /* EKEventStore+AsyncFetch.swift */; };
		659771CE2B28977500D25E00 /* Reminder+EKReminder.swift in Sources */ = {isa = PBXBuildFile; fileRef = 659771CD2B28977500D25E00 /* Reminder+EKReminder.swift */; };
		659771D02B28983000D25E00 /* ReminderStore.swift in Sources */ = {isa = PBXBuildFile; fileRef = 659771CF2B28983000D25E00 /* ReminderStore.swift */; };
		65F5110A2B22E3600099B895 /* ReminderDoneButton.swift in Sources */ = {isa = PBXBuildFile; fileRef = 65F511092B22E3600099B895 /* ReminderDoneButton.swift */; };
		65F5110C2B22E43A0099B895 /* ReminderListViewControler+Actions.swift in Sources */ = {isa = PBXBuildFile; fileRef = 65F5110B2B22E43A0099B895 /* ReminderListViewControler+Actions.swift */; };
		65F5110E2B2316AE0099B895 /* ReminderViewController.swift in Sources */ = {isa = PBXBuildFile; fileRef = 65F5110D2B2316AE0099B895 /* ReminderViewController.swift */; };
		65F511112B231A0D0099B895 /* ReminderViewController+Row.swift in Sources */ = {isa = PBXBuildFile; fileRef = 65F511102B231A0D0099B895 /* ReminderViewController+Row.swift */; };
/* End PBXBuildFile section */

/* Begin PBXFileReference section */
		651EBF232B236E6C003A7C59 /* ReminderViewController+Section.swift */ = {isa = PBXFileReference; lastKnownFileType = sourcecode.swift; path = "ReminderViewController+Section.swift"; sourceTree = "<group>"; };
		651EBF252B241ED4003A7C59 /* ReminderViewController+CellConfiguration.swift */ = {isa = PBXFileReference; lastKnownFileType = sourcecode.swift; path = "ReminderViewController+CellConfiguration.swift"; sourceTree = "<group>"; };
		651EBF282B24207F003A7C59 /* UIView+PinnedSubview.swift */ = {isa = PBXFileReference; lastKnownFileType = sourcecode.swift; path = "UIView+PinnedSubview.swift"; sourceTree = "<group>"; };
		651EBF2A2B242254003A7C59 /* TextFieldContentView.swift */ = {isa = PBXFileReference; lastKnownFileType = sourcecode.swift; path = TextFieldContentView.swift; sourceTree = "<group>"; };
		651EBF2C2B2423A3003A7C59 /* UIContentConfiguration+Stateless.swift */ = {isa = PBXFileReference; lastKnownFileType = sourcecode.swift; path = "UIContentConfiguration+Stateless.swift"; sourceTree = "<group>"; };
		651EBF2E2B242C92003A7C59 /* TextViewContentView.swift */ = {isa = PBXFileReference; lastKnownFileType = sourcecode.swift; path = TextViewContentView.swift; sourceTree = "<group>"; };
		651EBF302B2431B6003A7C59 /* DatePickerContentView.swift */ = {isa = PBXFileReference; lastKnownFileType = sourcecode.swift; path = DatePickerContentView.swift; sourceTree = "<group>"; };
		65526C8B2B25A0660039E415 /* ReminderListStyle.swift */ = {isa = PBXFileReference; lastKnownFileType = sourcecode.swift; path = ReminderListStyle.swift; sourceTree = "<group>"; };
		65526C8D2B25E1E40039E415 /* ProgressHeaderView.swift */ = {isa = PBXFileReference; lastKnownFileType = sourcecode.swift; path = ProgressHeaderView.swift; sourceTree = "<group>"; };
		65526C8F2B25FAC80039E415 /* CAGradientLayer+ListStyle.swift */ = {isa = PBXFileReference; lastKnownFileType = sourcecode.swift; path = "CAGradientLayer+ListStyle.swift"; sourceTree = "<group>"; };
		6586735F2B20743F009B2853 /* Today.app */ = {isa = PBXFileReference; explicitFileType = wrapper.application; includeInIndex = 0; path = Today.app; sourceTree = BUILT_PRODUCTS_DIR; };
		658673622B20743F009B2853 /* AppDelegate.swift */ = {isa = PBXFileReference; lastKnownFileType = sourcecode.swift; path = AppDelegate.swift; sourceTree = "<group>"; };
		658673642B20743F009B2853 /* SceneDelegate.swift */ = {isa = PBXFileReference; lastKnownFileType = sourcecode.swift; path = SceneDelegate.swift; sourceTree = "<group>"; };
		658673662B20743F009B2853 /* ReminderListViewController.swift */ = {isa = PBXFileReference; lastKnownFileType = sourcecode.swift; path = ReminderListViewController.swift; sourceTree = "<group>"; };
		658673692B20743F009B2853 /* Base */ = {isa = PBXFileReference; lastKnownFileType = file.storyboard; name = Base; path = Base.lproj/Main.storyboard; sourceTree = "<group>"; };
		6586736B2B207440009B2853 /* Assets.xcassets */ = {isa = PBXFileReference; lastKnownFileType = folder.assetcatalog; path = Assets.xcassets; sourceTree = "<group>"; };
		6586736E2B207440009B2853 /* Base */ = {isa = PBXFileReference; lastKnownFileType = file.storyboard; name = Base; path = Base.lproj/LaunchScreen.storyboard; sourceTree = "<group>"; };
		658673702B207440009B2853 /* Info.plist */ = {isa = PBXFileReference; lastKnownFileType = text.plist.xml; path = Info.plist; sourceTree = "<group>"; };
		658673772B2074C1009B2853 /* Reminder.swift */ = {isa = PBXFileReference; lastKnownFileType = sourcecode.swift; path = Reminder.swift; sourceTree = "<group>"; };
		658673792B20A5D1009B2853 /* Date+Today.swift */ = {isa = PBXFileReference; lastKnownFileType = sourcecode.swift; path = "Date+Today.swift"; sourceTree = "<group>"; };
		6586737C2B20AA62009B2853 /* ReminderListViewController+DataSource.swift */ = {isa = PBXFileReference; lastKnownFileType = sourcecode.swift; path = "ReminderListViewController+DataSource.swift"; sourceTree = "<group>"; };
		659771C92B2894B900D25E00 /* TodayError.swift */ = {isa = PBXFileReference; lastKnownFileType = sourcecode.swift; path = TodayError.swift; sourceTree = "<group>"; };
		659771CB2B28954C00D25E00 /* EKEventStore+AsyncFetch.swift */ = {isa = PBXFileReference; lastKnownFileType = sourcecode.swift; path = "EKEventStore+AsyncFetch.swift"; sourceTree = "<group>"; };
		659771CD2B28977500D25E00 /* Reminder+EKReminder.swift */ = {isa = PBXFileReference; lastKnownFileType = sourcecode.swift; path = "Reminder+EKReminder.swift"; sourceTree = "<group>"; };
		659771CF2B28983000D25E00 /* ReminderStore.swift */ = {isa = PBXFileReference; lastKnownFileType = sourcecode.swift; path = ReminderStore.swift; sourceTree = "<group>"; };
		65F511092B22E3600099B895 /* ReminderDoneButton.swift */ = {isa = PBXFileReference; lastKnownFileType = sourcecode.swift; path = ReminderDoneButton.swift; sourceTree = "<group>"; };
		65F5110B2B22E43A0099B895 /* ReminderListViewControler+Actions.swift */ = {isa = PBXFileReference; lastKnownFileType = sourcecode.swift; path = "ReminderListViewControler+Actions.swift"; sourceTree = "<group>"; };
		65F5110D2B2316AE0099B895 /* ReminderViewController.swift */ = {isa = PBXFileReference; lastKnownFileType = sourcecode.swift; path = ReminderViewController.swift; sourceTree = "<group>"; };
		65F511102B231A0D0099B895 /* ReminderViewController+Row.swift */ = {isa = PBXFileReference; lastKnownFileType = sourcecode.swift; path = "ReminderViewController+Row.swift"; sourceTree = "<group>"; };
/* End PBXFileReference section */

/* Begin PBXFrameworksBuildPhase section */
		6586735C2B20743F009B2853 /* Frameworks */ = {
			isa = PBXFrameworksBuildPhase;
			buildActionMask = 2147483647;
			files = (
			);
			runOnlyForDeploymentPostprocessing = 0;
		};
/* End PBXFrameworksBuildPhase section */

/* Begin PBXGroup section */
		651EBF272B242055003A7C59 /* ContentViews */ = {
			isa = PBXGroup;
			children = (
				651EBF2A2B242254003A7C59 /* TextFieldContentView.swift */,
				651EBF2E2B242C92003A7C59 /* TextViewContentView.swift */,
				651EBF302B2431B6003A7C59 /* DatePickerContentView.swift */,
				651EBF282B24207F003A7C59 /* UIView+PinnedSubview.swift */,
				651EBF2C2B2423A3003A7C59 /* UIContentConfiguration+Stateless.swift */,
			);
			path = ContentViews;
			sourceTree = "<group>";
		};
		658673562B20743F009B2853 = {
			isa = PBXGroup;
			children = (
				658673612B20743F009B2853 /* Today */,
				658673602B20743F009B2853 /* Products */,
			);
			sourceTree = "<group>";
		};
		658673602B20743F009B2853 /* Products */ = {
			isa = PBXGroup;
			children = (
				6586735F2B20743F009B2853 /* Today.app */,
			);
			name = Products;
			sourceTree = "<group>";
		};
		658673612B20743F009B2853 /* Today */ = {
			isa = PBXGroup;
			children = (
				658673622B20743F009B2853 /* AppDelegate.swift */,
				658673642B20743F009B2853 /* SceneDelegate.swift */,
				651EBF272B242055003A7C59 /* ContentViews */,
				65F5110F2B2319E70099B895 /* DetailViewController */,
				6586737B2B20AA48009B2853 /* ListViewController */,
				658673762B2074B1009B2853 /* Models */,
				658673682B20743F009B2853 /* Main.storyboard */,
				6586736B2B207440009B2853 /* Assets.xcassets */,
				6586736D2B207440009B2853 /* LaunchScreen.storyboard */,
				658673702B207440009B2853 /* Info.plist */,
			);
			path = Today;
			sourceTree = "<group>";
		};
		658673762B2074B1009B2853 /* Models */ = {
			isa = PBXGroup;
			children = (
				658673772B2074C1009B2853 /* Reminder.swift */,
				659771CF2B28983000D25E00 /* ReminderStore.swift */,
				65526C8B2B25A0660039E415 /* ReminderListStyle.swift */,
				659771CD2B28977500D25E00 /* Reminder+EKReminder.swift */,
				659771CB2B28954C00D25E00 /* EKEventStore+AsyncFetch.swift */,
				659771C92B2894B900D25E00 /* TodayError.swift */,
				658673792B20A5D1009B2853 /* Date+Today.swift */,
				65526C8F2B25FAC80039E415 /* CAGradientLayer+ListStyle.swift */,
			);
			path = Models;
			sourceTree = "<group>";
		};
		6586737B2B20AA48009B2853 /* ListViewController */ = {
			isa = PBXGroup;
			children = (
				658673662B20743F009B2853 /* ReminderListViewController.swift */,
				6586737C2B20AA62009B2853 /* ReminderListViewController+DataSource.swift */,
				65F5110B2B22E43A0099B895 /* ReminderListViewControler+Actions.swift */,
				65F511092B22E3600099B895 /* ReminderDoneButton.swift */,
				65526C8D2B25E1E40039E415 /* ProgressHeaderView.swift */,
			);
			path = ListViewController;
			sourceTree = "<group>";
		};
		65F5110F2B2319E70099B895 /* DetailViewController */ = {
			isa = PBXGroup;
			children = (
				65F5110D2B2316AE0099B895 /* ReminderViewController.swift */,
				65F511102B231A0D0099B895 /* ReminderViewController+Row.swift */,
				651EBF232B236E6C003A7C59 /* ReminderViewController+Section.swift */,
				651EBF252B241ED4003A7C59 /* ReminderViewController+CellConfiguration.swift */,
			);
			path = DetailViewController;
			sourceTree = "<group>";
		};
/* End PBXGroup section */

/* Begin PBXNativeTarget section */
		6586735E2B20743F009B2853 /* Today */ = {
			isa = PBXNativeTarget;
			buildConfigurationList = 658673732B207440009B2853 /* Build configuration list for PBXNativeTarget "Today" */;
			buildPhases = (
				6586735B2B20743F009B2853 /* Sources */,
				6586735C2B20743F009B2853 /* Frameworks */,
				6586735D2B20743F009B2853 /* Resources */,
			);
			buildRules = (
			);
			dependencies = (
			);
			name = Today;
			productName = Today;
			productReference = 6586735F2B20743F009B2853 /* Today.app */;
			productType = "com.apple.product-type.application";
		};
/* End PBXNativeTarget section */

/* Begin PBXProject section */
		658673572B20743F009B2853 /* Project object */ = {
			isa = PBXProject;
			attributes = {
				BuildIndependentTargetsInParallel = 1;
				LastSwiftUpdateCheck = 1500;
				LastUpgradeCheck = 1500;
				TargetAttributes = {
					6586735E2B20743F009B2853 = {
						CreatedOnToolsVersion = 15.0.1;
					};
				};
			};
			buildConfigurationList = 6586735A2B20743F009B2853 /* Build configuration list for PBXProject "Today" */;
			compatibilityVersion = "Xcode 14.0";
			developmentRegion = en;
			hasScannedForEncodings = 0;
			knownRegions = (
				en,
				Base,
			);
			mainGroup = 658673562B20743F009B2853;
			productRefGroup = 658673602B20743F009B2853 /* Products */;
			projectDirPath = "";
			projectRoot = "";
			targets = (
				6586735E2B20743F009B2853 /* Today */,
			);
		};
/* End PBXProject section */

/* Begin PBXResourcesBuildPhase section */
		6586735D2B20743F009B2853 /* Resources */ = {
			isa = PBXResourcesBuildPhase;
			buildActionMask = 2147483647;
			files = (
				6586736F2B207440009B2853 /* LaunchScreen.storyboard in Resources */,
				6586736C2B207440009B2853 /* Assets.xcassets in Resources */,
				6586736A2B20743F009B2853 /* Main.storyboard in Resources */,
			);
			runOnlyForDeploymentPostprocessing = 0;
		};
/* End PBXResourcesBuildPhase section */

/* Begin PBXSourcesBuildPhase section */
		6586735B2B20743F009B2853 /* Sources */ = {
			isa = PBXSourcesBuildPhase;
			buildActionMask = 2147483647;
			files = (
				658673672B20743F009B2853 /* ReminderListViewController.swift in Sources */,
				651EBF312B2431B6003A7C59 /* DatePickerContentView.swift in Sources */,
				6586737A2B20A5D1009B2853 /* Date+Today.swift in Sources */,
				658673632B20743F009B2853 /* AppDelegate.swift in Sources */,
				65F5110C2B22E43A0099B895 /* ReminderListViewControler+Actions.swift in Sources */,
				651EBF242B236E6C003A7C59 /* ReminderViewController+Section.swift in Sources */,
				651EBF2D2B2423A3003A7C59 /* UIContentConfiguration+Stateless.swift in Sources */,
				651EBF262B241ED4003A7C59 /* ReminderViewController+CellConfiguration.swift in Sources */,
				658673652B20743F009B2853 /* SceneDelegate.swift in Sources */,
				659771D02B28983000D25E00 /* ReminderStore.swift in Sources */,
				659771CA2B2894B900D25E00 /* TodayError.swift in Sources */,
				659771CE2B28977500D25E00 /* Reminder+EKReminder.swift in Sources */,
				65526C8C2B25A0660039E415 /* ReminderListStyle.swift in Sources */,
				65526C8E2B25E1E40039E415 /* ProgressHeaderView.swift in Sources */,
				65F5110E2B2316AE0099B895 /* ReminderViewController.swift in Sources */,
				651EBF292B24207F003A7C59 /* UIView+PinnedSubview.swift in Sources */,
				65526C902B25FAC80039E415 /* CAGradientLayer+ListStyle.swift in Sources */,
				651EBF2F2B242C92003A7C59 /* TextViewContentView.swift in Sources */,
				659771CC2B28954C00D25E00 /* EKEventStore+AsyncFetch.swift in Sources */,
				65F511112B231A0D0099B895 /* ReminderViewController+Row.swift in Sources */,
				658673782B2074C1009B2853 /* Reminder.swift in Sources */,
				65F5110A2B22E3600099B895 /* ReminderDoneButton.swift in Sources */,
				651EBF2B2B242254003A7C59 /* TextFieldContentView.swift in Sources */,
				6586737D2B20AA62009B2853 /* ReminderListViewController+DataSource.swift in Sources */,
			);
			runOnlyForDeploymentPostprocessing = 0;
		};
/* End PBXSourcesBuildPhase section */

/* Begin PBXVariantGroup section */
		658673682B20743F009B2853 /* Main.storyboard */ = {
			isa = PBXVariantGroup;
			children = (
				658673692B20743F009B2853 /* Base */,
			);
			name = Main.storyboard;
			sourceTree = "<group>";
		};
		6586736D2B207440009B2853 /* LaunchScreen.storyboard */ = {
			isa = PBXVariantGroup;
			children = (
				6586736E2B207440009B2853 /* Base */,
			);
			name = LaunchScreen.storyboard;
			sourceTree = "<group>";
		};
/* End PBXVariantGroup section */

/* Begin XCBuildConfiguration section */
		658673712B207440009B2853 /* Debug */ = {
			isa = XCBuildConfiguration;
			buildSettings = {
				ALWAYS_SEARCH_USER_PATHS = NO;
				ASSETCATALOG_COMPILER_GENERATE_SWIFT_ASSET_SYMBOL_EXTENSIONS = YES;
				CLANG_ANALYZER_NONNULL = YES;
				CLANG_ANALYZER_NUMBER_OBJECT_CONVERSION = YES_AGGRESSIVE;
				CLANG_CXX_LANGUAGE_STANDARD = "gnu++20";
				CLANG_ENABLE_MODULES = YES;
				CLANG_ENABLE_OBJC_ARC = YES;
				CLANG_ENABLE_OBJC_WEAK = YES;
				CLANG_WARN_BLOCK_CAPTURE_AUTORELEASING = YES;
				CLANG_WARN_BOOL_CONVERSION = YES;
				CLANG_WARN_COMMA = YES;
				CLANG_WARN_CONSTANT_CONVERSION = YES;
				CLANG_WARN_DEPRECATED_OBJC_IMPLEMENTATIONS = YES;
				CLANG_WARN_DIRECT_OBJC_ISA_USAGE = YES_ERROR;
				CLANG_WARN_DOCUMENTATION_COMMENTS = YES;
				CLANG_WARN_EMPTY_BODY = YES;
				CLANG_WARN_ENUM_CONVERSION = YES;
				CLANG_WARN_INFINITE_RECURSION = YES;
				CLANG_WARN_INT_CONVERSION = YES;
				CLANG_WARN_NON_LITERAL_NULL_CONVERSION = YES;
				CLANG_WARN_OBJC_IMPLICIT_RETAIN_SELF = YES;
				CLANG_WARN_OBJC_LITERAL_CONVERSION = YES;
				CLANG_WARN_OBJC_ROOT_CLASS = YES_ERROR;
				CLANG_WARN_QUOTED_INCLUDE_IN_FRAMEWORK_HEADER = YES;
				CLANG_WARN_RANGE_LOOP_ANALYSIS = YES;
				CLANG_WARN_STRICT_PROTOTYPES = YES;
				CLANG_WARN_SUSPICIOUS_MOVE = YES;
				CLANG_WARN_UNGUARDED_AVAILABILITY = YES_AGGRESSIVE;
				CLANG_WARN_UNREACHABLE_CODE = YES;
				CLANG_WARN__DUPLICATE_METHOD_MATCH = YES;
				COPY_PHASE_STRIP = NO;
				DEBUG_INFORMATION_FORMAT = dwarf;
				ENABLE_STRICT_OBJC_MSGSEND = YES;
				ENABLE_TESTABILITY = YES;
				ENABLE_USER_SCRIPT_SANDBOXING = YES;
				GCC_C_LANGUAGE_STANDARD = gnu17;
				GCC_DYNAMIC_NO_PIC = NO;
				GCC_NO_COMMON_BLOCKS = YES;
				GCC_OPTIMIZATION_LEVEL = 0;
				GCC_PREPROCESSOR_DEFINITIONS = (
					"DEBUG=1",
					"$(inherited)",
				);
				GCC_WARN_64_TO_32_BIT_CONVERSION = YES;
				GCC_WARN_ABOUT_RETURN_TYPE = YES_ERROR;
				GCC_WARN_UNDECLARED_SELECTOR = YES;
				GCC_WARN_UNINITIALIZED_AUTOS = YES_AGGRESSIVE;
				GCC_WARN_UNUSED_FUNCTION = YES;
				GCC_WARN_UNUSED_VARIABLE = YES;
				IPHONEOS_DEPLOYMENT_TARGET = 17.0;
				LOCALIZATION_PREFERS_STRING_CATALOGS = YES;
				MTL_ENABLE_DEBUG_INFO = INCLUDE_SOURCE;
				MTL_FAST_MATH = YES;
				ONLY_ACTIVE_ARCH = YES;
				SDKROOT = iphoneos;
				SWIFT_ACTIVE_COMPILATION_CONDITIONS = "DEBUG $(inherited)";
				SWIFT_OPTIMIZATION_LEVEL = "-Onone";
			};
			name = Debug;
		};
		658673722B207440009B2853 /* Release */ = {
			isa = XCBuildConfiguration;
			buildSettings = {
				ALWAYS_SEARCH_USER_PATHS = NO;
				ASSETCATALOG_COMPILER_GENERATE_SWIFT_ASSET_SYMBOL_EXTENSIONS = YES;
				CLANG_ANALYZER_NONNULL = YES;
				CLANG_ANALYZER_NUMBER_OBJECT_CONVERSION = YES_AGGRESSIVE;
				CLANG_CXX_LANGUAGE_STANDARD = "gnu++20";
				CLANG_ENABLE_MODULES = YES;
				CLANG_ENABLE_OBJC_ARC = YES;
				CLANG_ENABLE_OBJC_WEAK = YES;
				CLANG_WARN_BLOCK_CAPTURE_AUTORELEASING = YES;
				CLANG_WARN_BOOL_CONVERSION = YES;
				CLANG_WARN_COMMA = YES;
				CLANG_WARN_CONSTANT_CONVERSION = YES;
				CLANG_WARN_DEPRECATED_OBJC_IMPLEMENTATIONS = YES;
				CLANG_WARN_DIRECT_OBJC_ISA_USAGE = YES_ERROR;
				CLANG_WARN_DOCUMENTATION_COMMENTS = YES;
				CLANG_WARN_EMPTY_BODY = YES;
				CLANG_WARN_ENUM_CONVERSION = YES;
				CLANG_WARN_INFINITE_RECURSION = YES;
				CLANG_WARN_INT_CONVERSION = YES;
				CLANG_WARN_NON_LITERAL_NULL_CONVERSION = YES;
				CLANG_WARN_OBJC_IMPLICIT_RETAIN_SELF = YES;
				CLANG_WARN_OBJC_LITERAL_CONVERSION = YES;
				CLANG_WARN_OBJC_ROOT_CLASS = YES_ERROR;
				CLANG_WARN_QUOTED_INCLUDE_IN_FRAMEWORK_HEADER = YES;
				CLANG_WARN_RANGE_LOOP_ANALYSIS = YES;
				CLANG_WARN_STRICT_PROTOTYPES = YES;
				CLANG_WARN_SUSPICIOUS_MOVE = YES;
				CLANG_WARN_UNGUARDED_AVAILABILITY = YES_AGGRESSIVE;
				CLANG_WARN_UNREACHABLE_CODE = YES;
				CLANG_WARN__DUPLICATE_METHOD_MATCH = YES;
				COPY_PHASE_STRIP = NO;
				DEBUG_INFORMATION_FORMAT = "dwarf-with-dsym";
				ENABLE_NS_ASSERTIONS = NO;
				ENABLE_STRICT_OBJC_MSGSEND = YES;
				ENABLE_USER_SCRIPT_SANDBOXING = YES;
				GCC_C_LANGUAGE_STANDARD = gnu17;
				GCC_NO_COMMON_BLOCKS = YES;
				GCC_WARN_64_TO_32_BIT_CONVERSION = YES;
				GCC_WARN_ABOUT_RETURN_TYPE = YES_ERROR;
				GCC_WARN_UNDECLARED_SELECTOR = YES;
				GCC_WARN_UNINITIALIZED_AUTOS = YES_AGGRESSIVE;
				GCC_WARN_UNUSED_FUNCTION = YES;
				GCC_WARN_UNUSED_VARIABLE = YES;
				IPHONEOS_DEPLOYMENT_TARGET = 17.0;
				LOCALIZATION_PREFERS_STRING_CATALOGS = YES;
				MTL_ENABLE_DEBUG_INFO = NO;
				MTL_FAST_MATH = YES;
				SDKROOT = iphoneos;
				SWIFT_COMPILATION_MODE = wholemodule;
				VALIDATE_PRODUCT = YES;
			};
			name = Release;
		};
		658673742B207440009B2853 /* Debug */ = {
			isa = XCBuildConfiguration;
			buildSettings = {
				ASSETCATALOG_COMPILER_APPICON_NAME = AppIcon;
				ASSETCATALOG_COMPILER_GLOBAL_ACCENT_COLOR_NAME = AccentColor;
				CODE_SIGN_STYLE = Automatic;
				CURRENT_PROJECT_VERSION = 1;
				DEVELOPMENT_TEAM = 9MCN5686MN;
				GENERATE_INFOPLIST_FILE = YES;
				INFOPLIST_FILE = Today/Info.plist;
				INFOPLIST_KEY_UIApplicationSupportsIndirectInputEvents = YES;
				INFOPLIST_KEY_UILaunchStoryboardName = LaunchScreen;
				INFOPLIST_KEY_UIMainStoryboardFile = Main;
				INFOPLIST_KEY_UISupportedInterfaceOrientations_iPad = "UIInterfaceOrientationPortrait UIInterfaceOrientationPortraitUpsideDown UIInterfaceOrientationLandscapeLeft UIInterfaceOrientationLandscapeRight";
				INFOPLIST_KEY_UISupportedInterfaceOrientations_iPhone = "UIInterfaceOrientationPortrait UIInterfaceOrientationLandscapeLeft UIInterfaceOrientationLandscapeRight";
				IPHONEOS_DEPLOYMENT_TARGET = 17.0;
				LD_RUNPATH_SEARCH_PATHS = (
					"$(inherited)",
					"@executable_path/Frameworks",
				);
				MARKETING_VERSION = 1.0;
				PRODUCT_BUNDLE_IDENTIFIER = com.yugasamuel.Today;
				PRODUCT_NAME = "$(TARGET_NAME)";
				SWIFT_EMIT_LOC_STRINGS = YES;
				SWIFT_VERSION = 5.0;
				TARGETED_DEVICE_FAMILY = "1,2";
			};
			name = Debug;
		};
		658673752B207440009B2853 /* Release */ = {
			isa = XCBuildConfiguration;
			buildSettings = {
				ASSETCATALOG_COMPILER_APPICON_NAME = AppIcon;
				ASSETCATALOG_COMPILER_GLOBAL_ACCENT_COLOR_NAME = AccentColor;
				CODE_SIGN_STYLE = Automatic;
				CURRENT_PROJECT_VERSION = 1;
				DEVELOPMENT_TEAM = 9MCN5686MN;
				GENERATE_INFOPLIST_FILE = YES;
				INFOPLIST_FILE = Today/Info.plist;
				INFOPLIST_KEY_UIApplicationSupportsIndirectInputEvents = YES;
				INFOPLIST_KEY_UILaunchStoryboardName = LaunchScreen;
				INFOPLIST_KEY_UIMainStoryboardFile = Main;
				INFOPLIST_KEY_UISupportedInterfaceOrientations_iPad = "UIInterfaceOrientationPortrait UIInterfaceOrientationPortraitUpsideDown UIInterfaceOrientationLandscapeLeft UIInterfaceOrientationLandscapeRight";
				INFOPLIST_KEY_UISupportedInterfaceOrientations_iPhone = "UIInterfaceOrientationPortrait UIInterfaceOrientationLandscapeLeft UIInterfaceOrientationLandscapeRight";
				IPHONEOS_DEPLOYMENT_TARGET = 17.0;
				LD_RUNPATH_SEARCH_PATHS = (
					"$(inherited)",
					"@executable_path/Frameworks",
				);
				MARKETING_VERSION = 1.0;
				PRODUCT_BUNDLE_IDENTIFIER = com.yugasamuel.Today;
				PRODUCT_NAME = "$(TARGET_NAME)";
				SWIFT_EMIT_LOC_STRINGS = YES;
				SWIFT_VERSION = 5.0;
				TARGETED_DEVICE_FAMILY = "1,2";
			};
			name = Release;
		};
/* End XCBuildConfiguration section */

/* Begin XCConfigurationList section */
		6586735A2B20743F009B2853 /* Build configuration list for PBXProject "Today" */ = {
			isa = XCConfigurationList;
			buildConfigurations = (
				658673712B207440009B2853 /* Debug */,
				658673722B207440009B2853 /* Release */,
			);
			defaultConfigurationIsVisible = 0;
			defaultConfigurationName = Release;
		};
		658673732B207440009B2853 /* Build configuration list for PBXNativeTarget "Today" */ = {
			isa = XCConfigurationList;
			buildConfigurations = (
				658673742B207440009B2853 /* Debug */,
				658673752B207440009B2853 /* Release */,
			);
			defaultConfigurationIsVisible = 0;
			defaultConfigurationName = Release;
		};
/* End XCConfigurationList section */
	};
	rootObject = 658673572B20743F009B2853 /* Project object */;
}
